# This file is automatically @generated by Cargo.
# It is not intended for manual editing.
version = 3

[[package]]
name = "xx_mutex_lock"
version = "0.1.0"
source = "git+https://github.com/ZyLqb/xx_mutex_lock.git?branch=master#2bf1501c988684bd3c03237ec6b4b6b41d99ecb7"

[[package]]
name = "xxos"
version = "0.1.0"
dependencies = [
 "xx_mutex_lock",
 "xxos_alloc",
 "xxos_log",
]

[[package]]
name = "xxos_alloc"
version = "0.1.0"
source = "git+https://github.com/ZyLqb/xx_alloc.git?branch=master#42981bac72c0fcc192f02ed737dc427680e28a03"
dependencies = [
 "xx_mutex_lock",
 "xxos_log",
]

[[package]]
name = "xxos_log"
version = "0.1.0"
source = "git+https://github.com/MEssap/xxos_log.git?branch=main#df1f34c9e74f7cf1ee3ecd653e793b16c84bf412"
dependencies = [
 "xx_mutex_lock",
]
